
Microsoft Visual Studio Solution File, Format Version 12.00
# Visual Studio Version 17
VisualStudioVersion = 17.8.34511.84
MinimumVisualStudioVersion = 10.0.40219.1
Project("{FAE04EC0-301F-11D3-BF4B-00C04F79EFBC}") = "PokemonTranslator", "PokemonTranslator\PokemonTranslator.csproj", "{36D071F3-8E20-45E7-A361-B4050541F033}"
EndProject
Global
	GlobalSection(SolutionConfigurationPlatforms) = preSolution
		Debug|Any CPU = Debug|Any CPU
		Release|Any CPU = Release|Any CPU
	EndGlobalSection
	GlobalSection(ProjectConfigurationPlatforms) = postSolution
		{36D071F3-8E20-45E7-A361-B4050541F033}.Debug|Any CPU.ActiveCfg = Debug|Any CPU
		{36D071F3-8E20-45E7-A361-B4050541F033}.Debug|Any CPU.Build.0 = Debug|Any CPU
		{36D071F3-8E20-45E7-A361-B4050541F033}.Release|Any CPU.ActiveCfg = Release|Any CPU
		{36D071F3-8E20-45E7-A361-B4050541F033}.Release|Any CPU.Build.0 = Release|Any CPU
	EndGlobalSection
	GlobalSection(SolutionProperties) = preSolution
		HideSolutionNode = FALSE
	EndGlobalSection
	GlobalSection(ExtensibilityGlobals) = postSolution
		SolutionGuid = {B14F91E8-267A-4F77-8B1F-6D5DD7F56A5E}
	EndGlobalSection
EndGlobal
